
Microsoft Visual Studio Solution File, Format Version 12.00
# Visual Studio Version 17
VisualStudioVersion = 17.8.34330.188
MinimumVisualStudioVersion = 10.0.40219.1
Project("{FAE04EC0-301F-11D3-BF4B-00C04F79EFBC}") = "RML", "RML\RML.csproj", "{FE71D8FE-E4DF-4C84-BFFD-E474CD3E486E}"
EndProject
Project("{FAE04EC0-301F-11D3-BF4B-00C04F79EFBC}") = "MonkeyLoader", "MonkeyLoader\MonkeyLoader.csproj", "{40C65AA5-E020-4F04-953E-F65CE80270EE}"
EndProject
Project("{FAE04EC0-301F-11D3-BF4B-00C04F79EFBC}") = "ResoniteHotReloadLibCore", "ResoniteHotReloadLibCore\ResoniteHotReloadLibCore.csproj", "{4264D9C8-9239-49A5-A87C-C5EF5D9D8B40}"
EndProject
Global
	GlobalSection(SolutionConfigurationPlatforms) = preSolution
		Debug|Any CPU = Debug|Any CPU
		Release|Any CPU = Release|Any CPU
	EndGlobalSection
	GlobalSection(ProjectConfigurationPlatforms) = postSolution
		{FE71D8FE-E4DF-4C84-BFFD-E474CD3E486E}.Debug|Any CPU.ActiveCfg = Debug|Any CPU
		{FE71D8FE-E4DF-4C84-BFFD-E474CD3E486E}.Debug|Any CPU.Build.0 = Debug|Any CPU
		{FE71D8FE-E4DF-4C84-BFFD-E474CD3E486E}.Release|Any CPU.ActiveCfg = Release|Any CPU
		{FE71D8FE-E4DF-4C84-BFFD-E474CD3E486E}.Release|Any CPU.Build.0 = Release|Any CPU
		{40C65AA5-E020-4F04-953E-F65CE80270EE}.Debug|Any CPU.ActiveCfg = Debug|Any CPU
		{40C65AA5-E020-4F04-953E-F65CE80270EE}.Debug|Any CPU.Build.0 = Debug|Any CPU
		{40C65AA5-E020-4F04-953E-F65CE80270EE}.Release|Any CPU.ActiveCfg = Release|Any CPU
		{40C65AA5-E020-4F04-953E-F65CE80270EE}.Release|Any CPU.Build.0 = Release|Any CPU
		{4264D9C8-9239-49A5-A87C-C5EF5D9D8B40}.Debug|Any CPU.ActiveCfg = Debug|Any CPU
		{4264D9C8-9239-49A5-A87C-C5EF5D9D8B40}.Debug|Any CPU.Build.0 = Debug|Any CPU
		{4264D9C8-9239-49A5-A87C-C5EF5D9D8B40}.Release|Any CPU.ActiveCfg = Release|Any CPU
		{4264D9C8-9239-49A5-A87C-C5EF5D9D8B40}.Release|Any CPU.Build.0 = Release|Any CPU
	EndGlobalSection
	GlobalSection(SolutionProperties) = preSolution
		HideSolutionNode = FALSE
	EndGlobalSection
	GlobalSection(ExtensibilityGlobals) = postSolution
		SolutionGuid = {C34D82B5-0D71-462F-8A0C-DF4E992C3A85}
	EndGlobalSection
EndGlobal
